Microsoft Visual Studio Solution File, Format Version 11.00
# Visual Studio 2008

Project("{FEBFC55A-0490-0570-5944-6220F1F6B207}") = "LifeLong Project", "Assembly-CSharp.csproj", "{75BF5AB8-E056-CA11-A459-E3BB5EA95C98}"
EndProject
Project("{FEBFC55A-0490-0570-5944-6220F1F6B207}") = "LifeLong Project", "Assembly-CSharp-Editor.csproj", "{E3F3F95F-40AF-885A-6FE2-10E6B9626660}"
EndProject
Global
	GlobalSection(SolutionConfigurationPlatforms) = preSolution
		Debug|Any CPU = Debug|Any CPU
		Release|Any CPU = Release|Any CPU
	EndGlobalSection
	GlobalSection(ProjectConfigurationPlatforms) = postSolution
		{75BF5AB8-E056-CA11-A459-E3BB5EA95C98}.Debug|Any CPU.ActiveCfg = Debug|Any CPU
		{75BF5AB8-E056-CA11-A459-E3BB5EA95C98}.Debug|Any CPU.Build.0 = Debug|Any CPU
		{75BF5AB8-E056-CA11-A459-E3BB5EA95C98}.Release|Any CPU.ActiveCfg = Release|Any CPU
		{75BF5AB8-E056-CA11-A459-E3BB5EA95C98}.Release|Any CPU.Build.0 = Release|Any CPU
		{E3F3F95F-40AF-885A-6FE2-10E6B9626660}.Debug|Any CPU.ActiveCfg = Debug|Any CPU
		{E3F3F95F-40AF-885A-6FE2-10E6B9626660}.Debug|Any CPU.Build.0 = Debug|Any CPU
		{E3F3F95F-40AF-885A-6FE2-10E6B9626660}.Release|Any CPU.ActiveCfg = Release|Any CPU
		{E3F3F95F-40AF-885A-6FE2-10E6B9626660}.Release|Any CPU.Build.0 = Release|Any CPU
	EndGlobalSection
	GlobalSection(SolutionProperties) = preSolution
		HideSolutionNode = FALSE
	EndGlobalSection
																																								GlobalSection(MonoDevelopProperties) = preSolution
		StartupItem = Assembly-CSharp.csproj
		Policies = $0
		$0.TextStylePolicy = $1
		$1.inheritsSet = null
		$1.scope = text/x-csharp
		$0.CSharpFormattingPolicy = $2
		$2.inheritsSet = Mono
		$2.inheritsScope = text/x-csharp
		$2.scope = text/x-csharp
		$0.TextStylePolicy = $3
		$3.FileWidth = 120
		$3.TabWidth = 4
		$3.IndentWidth = 4
		$3.EolMarker = Unix
		$3.inheritsSet = Mono
		$3.inheritsScope = text/plain
		$3.scope = text/plain
	EndGlobalSection
EndGlobal
